
Microsoft Visual Studio Solution File, Format Version 12.00
# Visual Studio Version 16
VisualStudioVersion = 16.0.31424.327
MinimumVisualStudioVersion = 10.0.40219.1
Project("{D954291E-2A0B-460D-934E-DC6B0785DB48}") = "Rackit.Desktop.Shared", "Rackit.Desktop\Rackit.Desktop.Shared\Rackit.Desktop.Shared.shproj", "{6279C845-92F8-4333-AB99-3D213163593C}"
EndProject
Project("{2150E333-8FDC-42A3-9474-1A3956D46DE8}") = "Platforms", "Platforms", "{5BB03166-310D-48E1-A758-68A5C97C9076}"
EndProject
Project("{FAE04EC0-301F-11D3-BF4B-00C04F79EFBC}") = "Rackit.Desktop.UWP", "Rackit.Desktop\Rackit.Desktop.UWP\Rackit.Desktop.UWP.csproj", "{AAF8EA20-A8E2-4417-A0F6-8E2924346C6D}"
EndProject
Project("{FAE04EC0-301F-11D3-BF4B-00C04F79EFBC}") = "Rackit.Desktop.macOS", "Rackit.Desktop\Rackit.Desktop.macOS\Rackit.Desktop.macOS.csproj", "{E145DF6D-5D5A-4B8E-AD55-3552E03478C0}"
EndProject
Project("{9A19103F-16F7-4668-BE54-9A1E7A4F7556}") = "Rackit.Desktop.Skia.Wpf.Host", "Rackit.Desktop\Rackit.Desktop.Skia.Wpf.Host\Rackit.Desktop.Skia.Wpf.Host.csproj", "{9EE75939-3A8F-462E-9094-97B97639F2EE}"
EndProject
Project("{9A19103F-16F7-4668-BE54-9A1E7A4F7556}") = "Rackit.Desktop.Skia.Wpf", "Rackit.Desktop\Rackit.Desktop.Skia.Wpf\Rackit.Desktop.Skia.Wpf.csproj", "{E9295767-4B49-4298-AB10-BF19C023F266}"
EndProject
Project("{9A19103F-16F7-4668-BE54-9A1E7A4F7556}") = "Rackit.Desktop.Skia.Gtk", "Rackit.Desktop\Rackit.Desktop.Skia.Gtk\Rackit.Desktop.Skia.Gtk.csproj", "{87F445FA-3540-41A5-8992-F1FE9A6A0DF3}"
EndProject
Project("{FAE04EC0-301F-11D3-BF4B-00C04F79EFBC}") = "Rackit.Desktop.Droid", "Rackit.Desktop\Rackit.Desktop.Droid\Rackit.Desktop.Droid.csproj", "{E904C88B-02D6-4E1A-B502-85DE8D8FC93C}"
EndProject
Project("{FAE04EC0-301F-11D3-BF4B-00C04F79EFBC}") = "Rackit.Desktop.iOS", "Rackit.Desktop\Rackit.Desktop.iOS\Rackit.Desktop.iOS.csproj", "{0B414094-9A66-40B2-A4AE-8F8C27680292}"
EndProject
Project("{9A19103F-16F7-4668-BE54-9A1E7A4F7556}") = "Rackit.Desktop.Skia.Tizen", "Rackit.Desktop\Rackit.Desktop.Skia.Tizen\Rackit.Desktop.Skia.Tizen.csproj", "{02337E07-989C-4847-91B4-43D060C57F9D}"
EndProject
Project("{9A19103F-16F7-4668-BE54-9A1E7A4F7556}") = "Rackit.Desktop.Wasm", "Rackit.Desktop\Rackit.Desktop.Wasm\Rackit.Desktop.Wasm.csproj", "{04A30D5C-71D9-4398-8DC8-9AF79E922B99}"
EndProject
Global
	GlobalSection(SharedMSBuildProjectFiles) = preSolution
		Rackit.Desktop\Rackit.Desktop.Shared\Rackit.Desktop.Shared.projitems*{04a30d5c-71d9-4398-8dc8-9af79e922b99}*SharedItemsImports = 5
		Rackit.Desktop\Rackit.Desktop.Shared\Rackit.Desktop.Shared.projitems*{6279c845-92f8-4333-ab99-3d213163593c}*SharedItemsImports = 13
		Rackit.Desktop\Rackit.Desktop.Shared\Rackit.Desktop.Shared.projitems*{87f445fa-3540-41a5-8992-f1fe9a6a0df3}*SharedItemsImports = 5
		Rackit.Desktop\Rackit.Desktop.Shared\Rackit.Desktop.Shared.projitems*{aaf8ea20-a8e2-4417-a0f6-8e2924346c6d}*SharedItemsImports = 4
		Rackit.Desktop\Rackit.Desktop.Shared\Rackit.Desktop.Shared.projitems*{e904c88b-02d6-4e1a-b502-85de8d8fc93c}*SharedItemsImports = 4
		Rackit.Desktop\Rackit.Desktop.Shared\Rackit.Desktop.Shared.projitems*{e9295767-4b49-4298-ab10-bf19c023f266}*SharedItemsImports = 5
	EndGlobalSection
	GlobalSection(SolutionConfigurationPlatforms) = preSolution
		Ad-Hoc|Any CPU = Ad-Hoc|Any CPU
		Ad-Hoc|ARM = Ad-Hoc|ARM
		Ad-Hoc|ARM64 = Ad-Hoc|ARM64
		Ad-Hoc|iPhone = Ad-Hoc|iPhone
		Ad-Hoc|iPhoneSimulator = Ad-Hoc|iPhoneSimulator
		Ad-Hoc|x64 = Ad-Hoc|x64
		Ad-Hoc|x86 = Ad-Hoc|x86
		AppStore|Any CPU = AppStore|Any CPU
		AppStore|ARM = AppStore|ARM
		AppStore|ARM64 = AppStore|ARM64
		AppStore|iPhone = AppStore|iPhone
		AppStore|iPhoneSimulator = AppStore|iPhoneSimulator
		AppStore|x64 = AppStore|x64
		AppStore|x86 = AppStore|x86
		Debug|Any CPU = Debug|Any CPU
		Debug|ARM = Debug|ARM
		Debug|ARM64 = Debug|ARM64
		Debug|iPhone = Debug|iPhone
		Debug|iPhoneSimulator = Debug|iPhoneSimulator
		Debug|x64 = Debug|x64
		Debug|x86 = Debug|x86
		Release|Any CPU = Release|Any CPU
		Release|ARM = Release|ARM
		Release|ARM64 = Release|ARM64
		Release|iPhone = Release|iPhone
		Release|iPhoneSimulator = Release|iPhoneSimulator
		Release|x64 = Release|x64
		Release|x86 = Release|x86
	EndGlobalSection
	GlobalSection(ProjectConfigurationPlatforms) = postSolution
		{AAF8EA20-A8E2-4417-A0F6-8E2924346C6D}.Ad-Hoc|Any CPU.ActiveCfg = Debug|x86
		{AAF8EA20-A8E2-4417-A0F6-8E2924346C6D}.Ad-Hoc|Any CPU.Build.0 = Debug|x86
		{AAF8EA20-A8E2-4417-A0F6-8E2924346C6D}.Ad-Hoc|Any CPU.Deploy.0 = Debug|x86
		{AAF8EA20-A8E2-4417-A0F6-8E2924346C6D}.Ad-Hoc|ARM.ActiveCfg = Debug|ARM
		{AAF8EA20-A8E2-4417-A0F6-8E2924346C6D}.Ad-Hoc|ARM.Build.0 = Debug|ARM
		{AAF8EA20-A8E2-4417-A0F6-8E2924346C6D}.Ad-Hoc|ARM.Deploy.0 = Debug|ARM
		{AAF8EA20-A8E2-4417-A0F6-8E2924346C6D}.Ad-Hoc|ARM64.ActiveCfg = Debug|ARM64
		{AAF8EA20-A8E2-4417-A0F6-8E2924346C6D}.Ad-Hoc|ARM64.Build.0 = Debug|ARM64
		{AAF8EA20-A8E2-4417-A0F6-8E2924346C6D}.Ad-Hoc|ARM64.Deploy.0 = Debug|ARM64
		{AAF8EA20-A8E2-4417-A0F6-8E2924346C6D}.Ad-Hoc|iPhone.ActiveCfg = Debug|x86
		{AAF8EA20-A8E2-4417-A0F6-8E2924346C6D}.Ad-Hoc|iPhone.Build.0 = Debug|x86
		{AAF8EA20-A8E2-4417-A0F6-8E2924346C6D}.Ad-Hoc|iPhone.Deploy.0 = Debug|x86
		{AAF8EA20-A8E2-4417-A0F6-8E2924346C6D}.Ad-Hoc|iPhoneSimulator.ActiveCfg = Debug|x86
		{AAF8EA20-A8E2-4417-A0F6-8E2924346C6D}.Ad-Hoc|iPhoneSimulator.Build.0 = Debug|x86
		{AAF8EA20-A8E2-4417-A0F6-8E2924346C6D}.Ad-Hoc|iPhoneSimulator.Deploy.0 = Debug|x86
		{AAF8EA20-A8E2-4417-A0F6-8E2924346C6D}.Ad-Hoc|x64.ActiveCfg = Debug|x64
		{AAF8EA20-A8E2-4417-A0F6-8E2924346C6D}.Ad-Hoc|x64.Build.0 = Debug|x64
		{AAF8EA20-A8E2-4417-A0F6-8E2924346C6D}.Ad-Hoc|x64.Deploy.0 = Debug|x64
		{AAF8EA20-A8E2-4417-A0F6-8E2924346C6D}.Ad-Hoc|x86.ActiveCfg = Debug|x86
		{AAF8EA20-A8E2-4417-A0F6-8E2924346C6D}.Ad-Hoc|x86.Build.0 = Debug|x86
		{AAF8EA20-A8E2-4417-A0F6-8E2924346C6D}.Ad-Hoc|x86.Deploy.0 = Debug|x86
		{AAF8EA20-A8E2-4417-A0F6-8E2924346C6D}.AppStore|Any CPU.ActiveCfg = Debug|x86
		{AAF8EA20-A8E2-4417-A0F6-8E2924346C6D}.AppStore|Any CPU.Build.0 = Debug|x86
		{AAF8EA20-A8E2-4417-A0F6-8E2924346C6D}.AppStore|Any CPU.Deploy.0 = Debug|x86
		{AAF8EA20-A8E2-4417-A0F6-8E2924346C6D}.AppStore|ARM.ActiveCfg = Debug|ARM
		{AAF8EA20-A8E2-4417-A0F6-8E2924346C6D}.AppStore|ARM.Build.0 = Debug|ARM
		{AAF8EA20-A8E2-4417-A0F6-8E2924346C6D}.AppStore|ARM.Deploy.0 = Debug|ARM
		{AAF8EA20-A8E2-4417-A0F6-8E2924346C6D}.AppStore|ARM64.ActiveCfg = Debug|ARM64
		{AAF8EA20-A8E2-4417-A0F6-8E2924346C6D}.AppStore|ARM64.Build.0 = Debug|ARM64
		{AAF8EA20-A8E2-4417-A0F6-8E2924346C6D}.AppStore|ARM64.Deploy.0 = Debug|ARM64
		{AAF8EA20-A8E2-4417-A0F6-8E2924346C6D}.AppStore|iPhone.ActiveCfg = Debug|x86
		{AAF8EA20-A8E2-4417-A0F6-8E2924346C6D}.AppStore|iPhone.Build.0 = Debug|x86
		{AAF8EA20-A8E2-4417-A0F6-8E2924346C6D}.AppStore|iPhone.Deploy.0 = Debug|x86
		{AAF8EA20-A8E2-4417-A0F6-8E2924346C6D}.AppStore|iPhoneSimulator.ActiveCfg = Debug|x86
		{AAF8EA20-A8E2-4417-A0F6-8E2924346C6D}.AppStore|iPhoneSimulator.Build.0 = Debug|x86
		{AAF8EA20-A8E2-4417-A0F6-8E2924346C6D}.AppStore|iPhoneSimulator.Deploy.0 = Debug|x86
		{AAF8EA20-A8E2-4417-A0F6-8E2924346C6D}.AppStore|x64.ActiveCfg = Debug|x64
		{AAF8EA20-A8E2-4417-A0F6-8E2924346C6D}.AppStore|x64.Build.0 = Debug|x64
		{AAF8EA20-A8E2-4417-A0F6-8E2924346C6D}.AppStore|x64.Deploy.0 = Debug|x64
		{AAF8EA20-A8E2-4417-A0F6-8E2924346C6D}.AppStore|x86.ActiveCfg = Debug|x86
		{AAF8EA20-A8E2-4417-A0F6-8E2924346C6D}.AppStore|x86.Build.0 = Debug|x86
		{AAF8EA20-A8E2-4417-A0F6-8E2924346C6D}.AppStore|x86.Deploy.0 = Debug|x86
		{AAF8EA20-A8E2-4417-A0F6-8E2924346C6D}.Debug|Any CPU.ActiveCfg = Debug|x86
		{AAF8EA20-A8E2-4417-A0F6-8E2924346C6D}.Debug|Any CPU.Build.0 = Debug|x86
		{AAF8EA20-A8E2-4417-A0F6-8E2924346C6D}.Debug|Any CPU.Deploy.0 = Debug|x86
		{AAF8EA20-A8E2-4417-A0F6-8E2924346C6D}.Debug|ARM.ActiveCfg = Debug|ARM
		{AAF8EA20-A8E2-4417-A0F6-8E2924346C6D}.Debug|ARM.Build.0 = Debug|ARM
		{AAF8EA20-A8E2-4417-A0F6-8E2924346C6D}.Debug|ARM.Deploy.0 = Debug|ARM
		{AAF8EA20-A8E2-4417-A0F6-8E2924346C6D}.Debug|ARM64.ActiveCfg = Debug|ARM64
		{AAF8EA20-A8E2-4417-A0F6-8E2924346C6D}.Debug|ARM64.Build.0 = Debug|ARM64
		{AAF8EA20-A8E2-4417-A0F6-8E2924346C6D}.Debug|ARM64.Deploy.0 = Debug|ARM64
		{AAF8EA20-A8E2-4417-A0F6-8E2924346C6D}.Debug|iPhone.ActiveCfg = Debug|x86
		{AAF8EA20-A8E2-4417-A0F6-8E2924346C6D}.Debug|iPhoneSimulator.ActiveCfg = Debug|x86
		{AAF8EA20-A8E2-4417-A0F6-8E2924346C6D}.Debug|x64.ActiveCfg = Debug|x64
		{AAF8EA20-A8E2-4417-A0F6-8E2924346C6D}.Debug|x64.Build.0 = Debug|x64
		{AAF8EA20-A8E2-4417-A0F6-8E2924346C6D}.Debug|x64.Deploy.0 = Debug|x64
		{AAF8EA20-A8E2-4417-A0F6-8E2924346C6D}.Debug|x86.ActiveCfg = Debug|x86
		{AAF8EA20-A8E2-4417-A0F6-8E2924346C6D}.Debug|x86.Build.0 = Debug|x86
		{AAF8EA20-A8E2-4417-A0F6-8E2924346C6D}.Debug|x86.Deploy.0 = Debug|x86
		{AAF8EA20-A8E2-4417-A0F6-8E2924346C6D}.Release|Any CPU.ActiveCfg = Release|x86
		{AAF8EA20-A8E2-4417-A0F6-8E2924346C6D}.Release|ARM.ActiveCfg = Release|ARM
		{AAF8EA20-A8E2-4417-A0F6-8E2924346C6D}.Release|ARM.Build.0 = Release|ARM
		{AAF8EA20-A8E2-4417-A0F6-8E2924346C6D}.Release|ARM.Deploy.0 = Release|ARM
		{AAF8EA20-A8E2-4417-A0F6-8E2924346C6D}.Release|ARM64.ActiveCfg = Release|ARM64
		{AAF8EA20-A8E2-4417-A0F6-8E2924346C6D}.Release|ARM64.Build.0 = Release|ARM64
		{AAF8EA20-A8E2-4417-A0F6-8E2924346C6D}.Release|ARM64.Deploy.0 = Release|ARM64
		{AAF8EA20-A8E2-4417-A0F6-8E2924346C6D}.Release|iPhone.ActiveCfg = Release|x86
		{AAF8EA20-A8E2-4417-A0F6-8E2924346C6D}.Release|iPhoneSimulator.ActiveCfg = Release|x86
		{AAF8EA20-A8E2-4417-A0F6-8E2924346C6D}.Release|x64.ActiveCfg = Release|x64
		{AAF8EA20-A8E2-4417-A0F6-8E2924346C6D}.Release|x64.Build.0 = Release|x64
		{AAF8EA20-A8E2-4417-A0F6-8E2924346C6D}.Release|x64.Deploy.0 = Release|x64
		{AAF8EA20-A8E2-4417-A0F6-8E2924346C6D}.Release|x86.ActiveCfg = Release|x86
		{AAF8EA20-A8E2-4417-A0F6-8E2924346C6D}.Release|x86.Build.0 = Release|x86
		{AAF8EA20-A8E2-4417-A0F6-8E2924346C6D}.Release|x86.Deploy.0 = Release|x86
		{E145DF6D-5D5A-4B8E-AD55-3552E03478C0}.Ad-Hoc|Any CPU.ActiveCfg = Debug|iPhoneSimulator
		{E145DF6D-5D5A-4B8E-AD55-3552E03478C0}.Ad-Hoc|Any CPU.Build.0 = Debug|iPhoneSimulator
		{E145DF6D-5D5A-4B8E-AD55-3552E03478C0}.Ad-Hoc|ARM.ActiveCfg = Debug|iPhoneSimulator
		{E145DF6D-5D5A-4B8E-AD55-3552E03478C0}.Ad-Hoc|ARM.Build.0 = Debug|iPhoneSimulator
		{E145DF6D-5D5A-4B8E-AD55-3552E03478C0}.Ad-Hoc|ARM64.ActiveCfg = Debug|iPhoneSimulator
		{E145DF6D-5D5A-4B8E-AD55-3552E03478C0}.Ad-Hoc|ARM64.Build.0 = Debug|iPhoneSimulator
		{E145DF6D-5D5A-4B8E-AD55-3552E03478C0}.Ad-Hoc|iPhone.ActiveCfg = Debug|iPhoneSimulator
		{E145DF6D-5D5A-4B8E-AD55-3552E03478C0}.Ad-Hoc|iPhone.Build.0 = Debug|iPhoneSimulator
		{E145DF6D-5D5A-4B8E-AD55-3552E03478C0}.Ad-Hoc|iPhoneSimulator.ActiveCfg = Debug|iPhoneSimulator
		{E145DF6D-5D5A-4B8E-AD55-3552E03478C0}.Ad-Hoc|iPhoneSimulator.Build.0 = Debug|iPhoneSimulator
		{E145DF6D-5D5A-4B8E-AD55-3552E03478C0}.Ad-Hoc|x64.ActiveCfg = Debug|iPhoneSimulator
		{E145DF6D-5D5A-4B8E-AD55-3552E03478C0}.Ad-Hoc|x64.Build.0 = Debug|iPhoneSimulator
		{E145DF6D-5D5A-4B8E-AD55-3552E03478C0}.Ad-Hoc|x86.ActiveCfg = Debug|iPhoneSimulator
		{E145DF6D-5D5A-4B8E-AD55-3552E03478C0}.Ad-Hoc|x86.Build.0 = Debug|iPhoneSimulator
		{E145DF6D-5D5A-4B8E-AD55-3552E03478C0}.AppStore|Any CPU.ActiveCfg = Debug|iPhoneSimulator
		{E145DF6D-5D5A-4B8E-AD55-3552E03478C0}.AppStore|Any CPU.Build.0 = Debug|iPhoneSimulator
		{E145DF6D-5D5A-4B8E-AD55-3552E03478C0}.AppStore|ARM.ActiveCfg = Debug|iPhoneSimulator
		{E145DF6D-5D5A-4B8E-AD55-3552E03478C0}.AppStore|ARM.Build.0 = Debug|iPhoneSimulator
		{E145DF6D-5D5A-4B8E-AD55-3552E03478C0}.AppStore|ARM64.ActiveCfg = Debug|iPhoneSimulator
		{E145DF6D-5D5A-4B8E-AD55-3552E03478C0}.AppStore|ARM64.Build.0 = Debug|iPhoneSimulator
		{E145DF6D-5D5A-4B8E-AD55-3552E03478C0}.AppStore|iPhone.ActiveCfg = Debug|iPhoneSimulator
		{E145DF6D-5D5A-4B8E-AD55-3552E03478C0}.AppStore|iPhone.Build.0 = Debug|iPhoneSimulator
		{E145DF6D-5D5A-4B8E-AD55-3552E03478C0}.AppStore|iPhoneSimulator.ActiveCfg = Debug|iPhoneSimulator
		{E145DF6D-5D5A-4B8E-AD55-3552E03478C0}.AppStore|iPhoneSimulator.Build.0 = Debug|iPhoneSimulator
		{E145DF6D-5D5A-4B8E-AD55-3552E03478C0}.AppStore|x64.ActiveCfg = Debug|iPhoneSimulator
		{E145DF6D-5D5A-4B8E-AD55-3552E03478C0}.AppStore|x64.Build.0 = Debug|iPhoneSimulator
		{E145DF6D-5D5A-4B8E-AD55-3552E03478C0}.AppStore|x86.ActiveCfg = Debug|iPhoneSimulator
		{E145DF6D-5D5A-4B8E-AD55-3552E03478C0}.AppStore|x86.Build.0 = Debug|iPhoneSimulator
		{E145DF6D-5D5A-4B8E-AD55-3552E03478C0}.Debug|Any CPU.ActiveCfg = Debug|iPhoneSimulator
		{E145DF6D-5D5A-4B8E-AD55-3552E03478C0}.Debug|ARM.ActiveCfg = Debug|iPhoneSimulator
		{E145DF6D-5D5A-4B8E-AD55-3552E03478C0}.Debug|ARM64.ActiveCfg = Debug|iPhoneSimulator
		{E145DF6D-5D5A-4B8E-AD55-3552E03478C0}.Debug|iPhone.ActiveCfg = Debug|iPhoneSimulator
		{E145DF6D-5D5A-4B8E-AD55-3552E03478C0}.Debug|iPhoneSimulator.ActiveCfg = Debug|iPhoneSimulator
		{E145DF6D-5D5A-4B8E-AD55-3552E03478C0}.Debug|iPhoneSimulator.Build.0 = Debug|iPhoneSimulator
		{E145DF6D-5D5A-4B8E-AD55-3552E03478C0}.Debug|x64.ActiveCfg = Debug|iPhoneSimulator
		{E145DF6D-5D5A-4B8E-AD55-3552E03478C0}.Debug|x86.ActiveCfg = Debug|iPhoneSimulator
		{E145DF6D-5D5A-4B8E-AD55-3552E03478C0}.Release|Any CPU.ActiveCfg = Release|iPhoneSimulator
		{E145DF6D-5D5A-4B8E-AD55-3552E03478C0}.Release|ARM.ActiveCfg = Release|iPhoneSimulator
		{E145DF6D-5D5A-4B8E-AD55-3552E03478C0}.Release|ARM64.ActiveCfg = Release|iPhoneSimulator
		{E145DF6D-5D5A-4B8E-AD55-3552E03478C0}.Release|iPhone.ActiveCfg = Release|iPhoneSimulator
		{E145DF6D-5D5A-4B8E-AD55-3552E03478C0}.Release|iPhoneSimulator.ActiveCfg = Release|iPhoneSimulator
		{E145DF6D-5D5A-4B8E-AD55-3552E03478C0}.Release|iPhoneSimulator.Build.0 = Release|iPhoneSimulator
		{E145DF6D-5D5A-4B8E-AD55-3552E03478C0}.Release|x64.ActiveCfg = Release|iPhoneSimulator
		{E145DF6D-5D5A-4B8E-AD55-3552E03478C0}.Release|x86.ActiveCfg = Release|iPhoneSimulator
		{9EE75939-3A8F-462E-9094-97B97639F2EE}.Ad-Hoc|Any CPU.ActiveCfg = Debug|Any CPU
		{9EE75939-3A8F-462E-9094-97B97639F2EE}.Ad-Hoc|Any CPU.Build.0 = Debug|Any CPU
		{9EE75939-3A8F-462E-9094-97B97639F2EE}.Ad-Hoc|ARM.ActiveCfg = Debug|Any CPU
		{9EE75939-3A8F-462E-9094-97B97639F2EE}.Ad-Hoc|ARM.Build.0 = Debug|Any CPU
		{9EE75939-3A8F-462E-9094-97B97639F2EE}.Ad-Hoc|ARM64.ActiveCfg = Debug|Any CPU
		{9EE75939-3A8F-462E-9094-97B97639F2EE}.Ad-Hoc|ARM64.Build.0 = Debug|Any CPU
		{9EE75939-3A8F-462E-9094-97B97639F2EE}.Ad-Hoc|iPhone.ActiveCfg = Debug|Any CPU
		{9EE75939-3A8F-462E-9094-97B97639F2EE}.Ad-Hoc|iPhone.Build.0 = Debug|Any CPU
		{9EE75939-3A8F-462E-9094-97B97639F2EE}.Ad-Hoc|iPhoneSimulator.ActiveCfg = Debug|Any CPU
		{9EE75939-3A8F-462E-9094-97B97639F2EE}.Ad-Hoc|iPhoneSimulator.Build.0 = Debug|Any CPU
		{9EE75939-3A8F-462E-9094-97B97639F2EE}.Ad-Hoc|x64.ActiveCfg = Debug|Any CPU
		{9EE75939-3A8F-462E-9094-97B97639F2EE}.Ad-Hoc|x64.Build.0 = Debug|Any CPU
		{9EE75939-3A8F-462E-9094-97B97639F2EE}.Ad-Hoc|x86.ActiveCfg = Debug|Any CPU
		{9EE75939-3A8F-462E-9094-97B97639F2EE}.Ad-Hoc|x86.Build.0 = Debug|Any CPU
		{9EE75939-3A8F-462E-9094-97B97639F2EE}.AppStore|Any CPU.ActiveCfg = Debug|Any CPU
		{9EE75939-3A8F-462E-9094-97B97639F2EE}.AppStore|Any CPU.Build.0 = Debug|Any CPU
		{9EE75939-3A8F-462E-9094-97B97639F2EE}.AppStore|ARM.ActiveCfg = Debug|Any CPU
		{9EE75939-3A8F-462E-9094-97B97639F2EE}.AppStore|ARM.Build.0 = Debug|Any CPU
		{9EE75939-3A8F-462E-9094-97B97639F2EE}.AppStore|ARM64.ActiveCfg = Debug|Any CPU
		{9EE75939-3A8F-462E-9094-97B97639F2EE}.AppStore|ARM64.Build.0 = Debug|Any CPU
		{9EE75939-3A8F-462E-9094-97B97639F2EE}.AppStore|iPhone.ActiveCfg = Debug|Any CPU
		{9EE75939-3A8F-462E-9094-97B97639F2EE}.AppStore|iPhone.Build.0 = Debug|Any CPU
		{9EE75939-3A8F-462E-9094-97B97639F2EE}.AppStore|iPhoneSimulator.ActiveCfg = Debug|Any CPU
		{9EE75939-3A8F-462E-9094-97B97639F2EE}.AppStore|iPhoneSimulator.Build.0 = Debug|Any CPU
		{9EE75939-3A8F-462E-9094-97B97639F2EE}.AppStore|x64.ActiveCfg = Debug|Any CPU
		{9EE75939-3A8F-462E-9094-97B97639F2EE}.AppStore|x64.Build.0 = Debug|Any CPU
		{9EE75939-3A8F-462E-9094-97B97639F2EE}.AppStore|x86.ActiveCfg = Debug|Any CPU
		{9EE75939-3A8F-462E-9094-97B97639F2EE}.AppStore|x86.Build.0 = Debug|Any CPU
		{9EE75939-3A8F-462E-9094-97B97639F2EE}.Debug|Any CPU.ActiveCfg = Debug|Any CPU
		{9EE75939-3A8F-462E-9094-97B97639F2EE}.Debug|Any CPU.Build.0 = Debug|Any CPU
		{9EE75939-3A8F-462E-9094-97B97639F2EE}.Debug|ARM.ActiveCfg = Debug|Any CPU
		{9EE75939-3A8F-462E-9094-97B97639F2EE}.Debug|ARM.Build.0 = Debug|Any CPU
		{9EE75939-3A8F-462E-9094-97B97639F2EE}.Debug|ARM64.ActiveCfg = Debug|Any CPU
		{9EE75939-3A8F-462E-9094-97B97639F2EE}.Debug|ARM64.Build.0 = Debug|Any CPU
		{9EE75939-3A8F-462E-9094-97B97639F2EE}.Debug|iPhone.ActiveCfg = Debug|Any CPU
		{9EE75939-3A8F-462E-9094-97B97639F2EE}.Debug|iPhone.Build.0 = Debug|Any CPU
		{9EE75939-3A8F-462E-9094-97B97639F2EE}.Debug|iPhoneSimulator.ActiveCfg = Debug|Any CPU
		{9EE75939-3A8F-462E-9094-97B97639F2EE}.Debug|iPhoneSimulator.Build.0 = Debug|Any CPU
		{9EE75939-3A8F-462E-9094-97B97639F2EE}.Debug|x64.ActiveCfg = Debug|Any CPU
		{9EE75939-3A8F-462E-9094-97B97639F2EE}.Debug|x64.Build.0 = Debug|Any CPU
		{9EE75939-3A8F-462E-9094-97B97639F2EE}.Debug|x86.ActiveCfg = Debug|Any CPU
		{9EE75939-3A8F-462E-9094-97B97639F2EE}.Debug|x86.Build.0 = Debug|Any CPU
		{9EE75939-3A8F-462E-9094-97B97639F2EE}.Release|Any CPU.ActiveCfg = Release|Any CPU
		{9EE75939-3A8F-462E-9094-97B97639F2EE}.Release|Any CPU.Build.0 = Release|Any CPU
		{9EE75939-3A8F-462E-9094-97B97639F2EE}.Release|ARM.ActiveCfg = Release|Any CPU
		{9EE75939-3A8F-462E-9094-97B97639F2EE}.Release|ARM.Build.0 = Release|Any CPU
		{9EE75939-3A8F-462E-9094-97B97639F2EE}.Release|ARM64.ActiveCfg = Release|Any CPU
		{9EE75939-3A8F-462E-9094-97B97639F2EE}.Release|ARM64.Build.0 = Release|Any CPU
		{9EE75939-3A8F-462E-9094-97B97639F2EE}.Release|iPhone.ActiveCfg = Release|Any CPU
		{9EE75939-3A8F-462E-9094-97B97639F2EE}.Release|iPhone.Build.0 = Release|Any CPU
		{9EE75939-3A8F-462E-9094-97B97639F2EE}.Release|iPhoneSimulator.ActiveCfg = Release|Any CPU
		{9EE75939-3A8F-462E-9094-97B97639F2EE}.Release|iPhoneSimulator.Build.0 = Release|Any CPU
		{9EE75939-3A8F-462E-9094-97B97639F2EE}.Release|x64.ActiveCfg = Release|Any CPU
		{9EE75939-3A8F-462E-9094-97B97639F2EE}.Release|x64.Build.0 = Release|Any CPU
		{9EE75939-3A8F-462E-9094-97B97639F2EE}.Release|x86.ActiveCfg = Release|Any CPU
		{9EE75939-3A8F-462E-9094-97B97639F2EE}.Release|x86.Build.0 = Release|Any CPU
		{E9295767-4B49-4298-AB10-BF19C023F266}.Ad-Hoc|Any CPU.ActiveCfg = Debug|Any CPU
		{E9295767-4B49-4298-AB10-BF19C023F266}.Ad-Hoc|Any CPU.Build.0 = Debug|Any CPU
		{E9295767-4B49-4298-AB10-BF19C023F266}.Ad-Hoc|ARM.ActiveCfg = Debug|Any CPU
		{E9295767-4B49-4298-AB10-BF19C023F266}.Ad-Hoc|ARM.Build.0 = Debug|Any CPU
		{E9295767-4B49-4298-AB10-BF19C023F266}.Ad-Hoc|ARM64.ActiveCfg = Debug|Any CPU
		{E9295767-4B49-4298-AB10-BF19C023F266}.Ad-Hoc|ARM64.Build.0 = Debug|Any CPU
		{E9295767-4B49-4298-AB10-BF19C023F266}.Ad-Hoc|iPhone.ActiveCfg = Debug|Any CPU
		{E9295767-4B49-4298-AB10-BF19C023F266}.Ad-Hoc|iPhone.Build.0 = Debug|Any CPU
		{E9295767-4B49-4298-AB10-BF19C023F266}.Ad-Hoc|iPhoneSimulator.ActiveCfg = Debug|Any CPU
		{E9295767-4B49-4298-AB10-BF19C023F266}.Ad-Hoc|iPhoneSimulator.Build.0 = Debug|Any CPU
		{E9295767-4B49-4298-AB10-BF19C023F266}.Ad-Hoc|x64.ActiveCfg = Debug|Any CPU
		{E9295767-4B49-4298-AB10-BF19C023F266}.Ad-Hoc|x64.Build.0 = Debug|Any CPU
		{E9295767-4B49-4298-AB10-BF19C023F266}.Ad-Hoc|x86.ActiveCfg = Debug|Any CPU
		{E9295767-4B49-4298-AB10-BF19C023F266}.Ad-Hoc|x86.Build.0 = Debug|Any CPU
		{E9295767-4B49-4298-AB10-BF19C023F266}.AppStore|Any CPU.ActiveCfg = Debug|Any CPU
		{E9295767-4B49-4298-AB10-BF19C023F266}.AppStore|Any CPU.Build.0 = Debug|Any CPU
		{E9295767-4B49-4298-AB10-BF19C023F266}.AppStore|ARM.ActiveCfg = Debug|Any CPU
		{E9295767-4B49-4298-AB10-BF19C023F266}.AppStore|ARM.Build.0 = Debug|Any CPU
		{E9295767-4B49-4298-AB10-BF19C023F266}.AppStore|ARM64.ActiveCfg = Debug|Any CPU
		{E9295767-4B49-4298-AB10-BF19C023F266}.AppStore|ARM64.Build.0 = Debug|Any CPU
		{E9295767-4B49-4298-AB10-BF19C023F266}.AppStore|iPhone.ActiveCfg = Debug|Any CPU
		{E9295767-4B49-4298-AB10-BF19C023F266}.AppStore|iPhone.Build.0 = Debug|Any CPU
		{E9295767-4B49-4298-AB10-BF19C023F266}.AppStore|iPhoneSimulator.ActiveCfg = Debug|Any CPU
		{E9295767-4B49-4298-AB10-BF19C023F266}.AppStore|iPhoneSimulator.Build.0 = Debug|Any CPU
		{E9295767-4B49-4298-AB10-BF19C023F266}.AppStore|x64.ActiveCfg = Debug|Any CPU
		{E9295767-4B49-4298-AB10-BF19C023F266}.AppStore|x64.Build.0 = Debug|Any CPU
		{E9295767-4B49-4298-AB10-BF19C023F266}.AppStore|x86.ActiveCfg = Debug|Any CPU
		{E9295767-4B49-4298-AB10-BF19C023F266}.AppStore|x86.Build.0 = Debug|Any CPU
		{E9295767-4B49-4298-AB10-BF19C023F266}.Debug|Any CPU.ActiveCfg = Debug|Any CPU
		{E9295767-4B49-4298-AB10-BF19C023F266}.Debug|Any CPU.Build.0 = Debug|Any CPU
		{E9295767-4B49-4298-AB10-BF19C023F266}.Debug|ARM.ActiveCfg = Debug|Any CPU
		{E9295767-4B49-4298-AB10-BF19C023F266}.Debug|ARM.Build.0 = Debug|Any CPU
		{E9295767-4B49-4298-AB10-BF19C023F266}.Debug|ARM64.ActiveCfg = Debug|Any CPU
		{E9295767-4B49-4298-AB10-BF19C023F266}.Debug|ARM64.Build.0 = Debug|Any CPU
		{E9295767-4B49-4298-AB10-BF19C023F266}.Debug|iPhone.ActiveCfg = Debug|Any CPU
		{E9295767-4B49-4298-AB10-BF19C023F266}.Debug|iPhone.Build.0 = Debug|Any CPU
		{E9295767-4B49-4298-AB10-BF19C023F266}.Debug|iPhoneSimulator.ActiveCfg = Debug|Any CPU
		{E9295767-4B49-4298-AB10-BF19C023F266}.Debug|iPhoneSimulator.Build.0 = Debug|Any CPU
		{E9295767-4B49-4298-AB10-BF19C023F266}.Debug|x64.ActiveCfg = Debug|Any CPU
		{E9295767-4B49-4298-AB10-BF19C023F266}.Debug|x64.Build.0 = Debug|Any CPU
		{E9295767-4B49-4298-AB10-BF19C023F266}.Debug|x86.ActiveCfg = Debug|Any CPU
		{E9295767-4B49-4298-AB10-BF19C023F266}.Debug|x86.Build.0 = Debug|Any CPU
		{E9295767-4B49-4298-AB10-BF19C023F266}.Release|Any CPU.ActiveCfg = Release|Any CPU
		{E9295767-4B49-4298-AB10-BF19C023F266}.Release|Any CPU.Build.0 = Release|Any CPU
		{E9295767-4B49-4298-AB10-BF19C023F266}.Release|ARM.ActiveCfg = Release|Any CPU
		{E9295767-4B49-4298-AB10-BF19C023F266}.Release|ARM.Build.0 = Release|Any CPU
		{E9295767-4B49-4298-AB10-BF19C023F266}.Release|ARM64.ActiveCfg = Release|Any CPU
		{E9295767-4B49-4298-AB10-BF19C023F266}.Release|ARM64.Build.0 = Release|Any CPU
		{E9295767-4B49-4298-AB10-BF19C023F266}.Release|iPhone.ActiveCfg = Release|Any CPU
		{E9295767-4B49-4298-AB10-BF19C023F266}.Release|iPhone.Build.0 = Release|Any CPU
		{E9295767-4B49-4298-AB10-BF19C023F266}.Release|iPhoneSimulator.ActiveCfg = Release|Any CPU
		{E9295767-4B49-4298-AB10-BF19C023F266}.Release|iPhoneSimulator.Build.0 = Release|Any CPU
		{E9295767-4B49-4298-AB10-BF19C023F266}.Release|x64.ActiveCfg = Release|Any CPU
		{E9295767-4B49-4298-AB10-BF19C023F266}.Release|x64.Build.0 = Release|Any CPU
		{E9295767-4B49-4298-AB10-BF19C023F266}.Release|x86.ActiveCfg = Release|Any CPU
		{E9295767-4B49-4298-AB10-BF19C023F266}.Release|x86.Build.0 = Release|Any CPU
		{87F445FA-3540-41A5-8992-F1FE9A6A0DF3}.Ad-Hoc|Any CPU.ActiveCfg = Debug|Any CPU
		{87F445FA-3540-41A5-8992-F1FE9A6A0DF3}.Ad-Hoc|Any CPU.Build.0 = Debug|Any CPU
		{87F445FA-3540-41A5-8992-F1FE9A6A0DF3}.Ad-Hoc|ARM.ActiveCfg = Debug|Any CPU
		{87F445FA-3540-41A5-8992-F1FE9A6A0DF3}.Ad-Hoc|ARM.Build.0 = Debug|Any CPU
		{87F445FA-3540-41A5-8992-F1FE9A6A0DF3}.Ad-Hoc|ARM64.ActiveCfg = Debug|Any CPU
		{87F445FA-3540-41A5-8992-F1FE9A6A0DF3}.Ad-Hoc|ARM64.Build.0 = Debug|Any CPU
		{87F445FA-3540-41A5-8992-F1FE9A6A0DF3}.Ad-Hoc|iPhone.ActiveCfg = Debug|Any CPU
		{87F445FA-3540-41A5-8992-F1FE9A6A0DF3}.Ad-Hoc|iPhone.Build.0 = Debug|Any CPU
		{87F445FA-3540-41A5-8992-F1FE9A6A0DF3}.Ad-Hoc|iPhoneSimulator.ActiveCfg = Debug|Any CPU
		{87F445FA-3540-41A5-8992-F1FE9A6A0DF3}.Ad-Hoc|iPhoneSimulator.Build.0 = Debug|Any CPU
		{87F445FA-3540-41A5-8992-F1FE9A6A0DF3}.Ad-Hoc|x64.ActiveCfg = Debug|Any CPU
		{87F445FA-3540-41A5-8992-F1FE9A6A0DF3}.Ad-Hoc|x64.Build.0 = Debug|Any CPU
		{87F445FA-3540-41A5-8992-F1FE9A6A0DF3}.Ad-Hoc|x86.ActiveCfg = Debug|Any CPU
		{87F445FA-3540-41A5-8992-F1FE9A6A0DF3}.Ad-Hoc|x86.Build.0 = Debug|Any CPU
		{87F445FA-3540-41A5-8992-F1FE9A6A0DF3}.AppStore|Any CPU.ActiveCfg = Debug|Any CPU
		{87F445FA-3540-41A5-8992-F1FE9A6A0DF3}.AppStore|Any CPU.Build.0 = Debug|Any CPU
		{87F445FA-3540-41A5-8992-F1FE9A6A0DF3}.AppStore|ARM.ActiveCfg = Debug|Any CPU
		{87F445FA-3540-41A5-8992-F1FE9A6A0DF3}.AppStore|ARM.Build.0 = Debug|Any CPU
		{87F445FA-3540-41A5-8992-F1FE9A6A0DF3}.AppStore|ARM64.ActiveCfg = Debug|Any CPU
		{87F445FA-3540-41A5-8992-F1FE9A6A0DF3}.AppStore|ARM64.Build.0 = Debug|Any CPU
		{87F445FA-3540-41A5-8992-F1FE9A6A0DF3}.AppStore|iPhone.ActiveCfg = Debug|Any CPU
		{87F445FA-3540-41A5-8992-F1FE9A6A0DF3}.AppStore|iPhone.Build.0 = Debug|Any CPU
		{87F445FA-3540-41A5-8992-F1FE9A6A0DF3}.AppStore|iPhoneSimulator.ActiveCfg = Debug|Any CPU
		{87F445FA-3540-41A5-8992-F1FE9A6A0DF3}.AppStore|iPhoneSimulator.Build.0 = Debug|Any CPU
		{87F445FA-3540-41A5-8992-F1FE9A6A0DF3}.AppStore|x64.ActiveCfg = Debug|Any CPU
		{87F445FA-3540-41A5-8992-F1FE9A6A0DF3}.AppStore|x64.Build.0 = Debug|Any CPU
		{87F445FA-3540-41A5-8992-F1FE9A6A0DF3}.AppStore|x86.ActiveCfg = Debug|Any CPU
		{87F445FA-3540-41A5-8992-F1FE9A6A0DF3}.AppStore|x86.Build.0 = Debug|Any CPU
		{87F445FA-3540-41A5-8992-F1FE9A6A0DF3}.Debug|Any CPU.ActiveCfg = Debug|Any CPU
		{87F445FA-3540-41A5-8992-F1FE9A6A0DF3}.Debug|Any CPU.Build.0 = Debug|Any CPU
		{87F445FA-3540-41A5-8992-F1FE9A6A0DF3}.Debug|ARM.ActiveCfg = Debug|Any CPU
		{87F445FA-3540-41A5-8992-F1FE9A6A0DF3}.Debug|ARM.Build.0 = Debug|Any CPU
		{87F445FA-3540-41A5-8992-F1FE9A6A0DF3}.Debug|ARM64.ActiveCfg = Debug|Any CPU
		{87F445FA-3540-41A5-8992-F1FE9A6A0DF3}.Debug|ARM64.Build.0 = Debug|Any CPU
		{87F445FA-3540-41A5-8992-F1FE9A6A0DF3}.Debug|iPhone.ActiveCfg = Debug|Any CPU
		{87F445FA-3540-41A5-8992-F1FE9A6A0DF3}.Debug|iPhone.Build.0 = Debug|Any CPU
		{87F445FA-3540-41A5-8992-F1FE9A6A0DF3}.Debug|iPhoneSimulator.ActiveCfg = Debug|Any CPU
		{87F445FA-3540-41A5-8992-F1FE9A6A0DF3}.Debug|iPhoneSimulator.Build.0 = Debug|Any CPU
		{87F445FA-3540-41A5-8992-F1FE9A6A0DF3}.Debug|x64.ActiveCfg = Debug|Any CPU
		{87F445FA-3540-41A5-8992-F1FE9A6A0DF3}.Debug|x64.Build.0 = Debug|Any CPU
		{87F445FA-3540-41A5-8992-F1FE9A6A0DF3}.Debug|x86.ActiveCfg = Debug|Any CPU
		{87F445FA-3540-41A5-8992-F1FE9A6A0DF3}.Debug|x86.Build.0 = Debug|Any CPU
		{87F445FA-3540-41A5-8992-F1FE9A6A0DF3}.Release|Any CPU.ActiveCfg = Release|Any CPU
		{87F445FA-3540-41A5-8992-F1FE9A6A0DF3}.Release|Any CPU.Build.0 = Release|Any CPU
		{87F445FA-3540-41A5-8992-F1FE9A6A0DF3}.Release|ARM.ActiveCfg = Release|Any CPU
		{87F445FA-3540-41A5-8992-F1FE9A6A0DF3}.Release|ARM.Build.0 = Release|Any CPU
		{87F445FA-3540-41A5-8992-F1FE9A6A0DF3}.Release|ARM64.ActiveCfg = Release|Any CPU
		{87F445FA-3540-41A5-8992-F1FE9A6A0DF3}.Release|ARM64.Build.0 = Release|Any CPU
		{87F445FA-3540-41A5-8992-F1FE9A6A0DF3}.Release|iPhone.ActiveCfg = Release|Any CPU
		{87F445FA-3540-41A5-8992-F1FE9A6A0DF3}.Release|iPhone.Build.0 = Release|Any CPU
		{87F445FA-3540-41A5-8992-F1FE9A6A0DF3}.Release|iPhoneSimulator.ActiveCfg = Release|Any CPU
		{87F445FA-3540-41A5-8992-F1FE9A6A0DF3}.Release|iPhoneSimulator.Build.0 = Release|Any CPU
		{87F445FA-3540-41A5-8992-F1FE9A6A0DF3}.Release|x64.ActiveCfg = Release|Any CPU
		{87F445FA-3540-41A5-8992-F1FE9A6A0DF3}.Release|x64.Build.0 = Release|Any CPU
		{87F445FA-3540-41A5-8992-F1FE9A6A0DF3}.Release|x86.ActiveCfg = Release|Any CPU
		{87F445FA-3540-41A5-8992-F1FE9A6A0DF3}.Release|x86.Build.0 = Release|Any CPU
		{E904C88B-02D6-4E1A-B502-85DE8D8FC93C}.Ad-Hoc|Any CPU.ActiveCfg = Debug|Any CPU
		{E904C88B-02D6-4E1A-B502-85DE8D8FC93C}.Ad-Hoc|Any CPU.Build.0 = Debug|Any CPU
		{E904C88B-02D6-4E1A-B502-85DE8D8FC93C}.Ad-Hoc|Any CPU.Deploy.0 = Debug|Any CPU
		{E904C88B-02D6-4E1A-B502-85DE8D8FC93C}.Ad-Hoc|ARM.ActiveCfg = Debug|Any CPU
		{E904C88B-02D6-4E1A-B502-85DE8D8FC93C}.Ad-Hoc|ARM.Build.0 = Debug|Any CPU
		{E904C88B-02D6-4E1A-B502-85DE8D8FC93C}.Ad-Hoc|ARM.Deploy.0 = Debug|Any CPU
		{E904C88B-02D6-4E1A-B502-85DE8D8FC93C}.Ad-Hoc|ARM64.ActiveCfg = Debug|Any CPU
		{E904C88B-02D6-4E1A-B502-85DE8D8FC93C}.Ad-Hoc|ARM64.Build.0 = Debug|Any CPU
		{E904C88B-02D6-4E1A-B502-85DE8D8FC93C}.Ad-Hoc|ARM64.Deploy.0 = Debug|Any CPU
		{E904C88B-02D6-4E1A-B502-85DE8D8FC93C}.Ad-Hoc|iPhone.ActiveCfg = Debug|Any CPU
		{E904C88B-02D6-4E1A-B502-85DE8D8FC93C}.Ad-Hoc|iPhone.Build.0 = Debug|Any CPU
		{E904C88B-02D6-4E1A-B502-85DE8D8FC93C}.Ad-Hoc|iPhone.Deploy.0 = Debug|Any CPU
		{E904C88B-02D6-4E1A-B502-85DE8D8FC93C}.Ad-Hoc|iPhoneSimulator.ActiveCfg = Debug|Any CPU
		{E904C88B-02D6-4E1A-B502-85DE8D8FC93C}.Ad-Hoc|iPhoneSimulator.Build.0 = Debug|Any CPU
		{E904C88B-02D6-4E1A-B502-85DE8D8FC93C}.Ad-Hoc|iPhoneSimulator.Deploy.0 = Debug|Any CPU
		{E904C88B-02D6-4E1A-B502-85DE8D8FC93C}.Ad-Hoc|x64.ActiveCfg = Debug|Any CPU
		{E904C88B-02D6-4E1A-B502-85DE8D8FC93C}.Ad-Hoc|x64.Build.0 = Debug|Any CPU
		{E904C88B-02D6-4E1A-B502-85DE8D8FC93C}.Ad-Hoc|x64.Deploy.0 = Debug|Any CPU
		{E904C88B-02D6-4E1A-B502-85DE8D8FC93C}.Ad-Hoc|x86.ActiveCfg = Debug|Any CPU
		{E904C88B-02D6-4E1A-B502-85DE8D8FC93C}.Ad-Hoc|x86.Build.0 = Debug|Any CPU
		{E904C88B-02D6-4E1A-B502-85DE8D8FC93C}.Ad-Hoc|x86.Deploy.0 = Debug|Any CPU
		{E904C88B-02D6-4E1A-B502-85DE8D8FC93C}.AppStore|Any CPU.ActiveCfg = Debug|Any CPU
		{E904C88B-02D6-4E1A-B502-85DE8D8FC93C}.AppStore|Any CPU.Build.0 = Debug|Any CPU
		{E904C88B-02D6-4E1A-B502-85DE8D8FC93C}.AppStore|Any CPU.Deploy.0 = Debug|Any CPU
		{E904C88B-02D6-4E1A-B502-85DE8D8FC93C}.AppStore|ARM.ActiveCfg = Debug|Any CPU
		{E904C88B-02D6-4E1A-B502-85DE8D8FC93C}.AppStore|ARM.Build.0 = Debug|Any CPU
		{E904C88B-02D6-4E1A-B502-85DE8D8FC93C}.AppStore|ARM.Deploy.0 = Debug|Any CPU
		{E904C88B-02D6-4E1A-B502-85DE8D8FC93C}.AppStore|ARM64.ActiveCfg = Debug|Any CPU
		{E904C88B-02D6-4E1A-B502-85DE8D8FC93C}.AppStore|ARM64.Build.0 = Debug|Any CPU
		{E904C88B-02D6-4E1A-B502-85DE8D8FC93C}.AppStore|ARM64.Deploy.0 = Debug|Any CPU
		{E904C88B-02D6-4E1A-B502-85DE8D8FC93C}.AppStore|iPhone.ActiveCfg = Debug|Any CPU
		{E904C88B-02D6-4E1A-B502-85DE8D8FC93C}.AppStore|iPhone.Build.0 = Debug|Any CPU
		{E904C88B-02D6-4E1A-B502-85DE8D8FC93C}.AppStore|iPhone.Deploy.0 = Debug|Any CPU
		{E904C88B-02D6-4E1A-B502-85DE8D8FC93C}.AppStore|iPhoneSimulator.ActiveCfg = Debug|Any CPU
		{E904C88B-02D6-4E1A-B502-85DE8D8FC93C}.AppStore|iPhoneSimulator.Build.0 = Debug|Any CPU
		{E904C88B-02D6-4E1A-B502-85DE8D8FC93C}.AppStore|iPhoneSimulator.Deploy.0 = Debug|Any CPU
		{E904C88B-02D6-4E1A-B502-85DE8D8FC93C}.AppStore|x64.ActiveCfg = Debug|Any CPU
		{E904C88B-02D6-4E1A-B502-85DE8D8FC93C}.AppStore|x64.Build.0 = Debug|Any CPU
		{E904C88B-02D6-4E1A-B502-85DE8D8FC93C}.AppStore|x64.Deploy.0 = Debug|Any CPU
		{E904C88B-02D6-4E1A-B502-85DE8D8FC93C}.AppStore|x86.ActiveCfg = Debug|Any CPU
		{E904C88B-02D6-4E1A-B502-85DE8D8FC93C}.AppStore|x86.Build.0 = Debug|Any CPU
		{E904C88B-02D6-4E1A-B502-85DE8D8FC93C}.AppStore|x86.Deploy.0 = Debug|Any CPU
		{E904C88B-02D6-4E1A-B502-85DE8D8FC93C}.Debug|Any CPU.ActiveCfg = Debug|Any CPU
		{E904C88B-02D6-4E1A-B502-85DE8D8FC93C}.Debug|Any CPU.Build.0 = Debug|Any CPU
		{E904C88B-02D6-4E1A-B502-85DE8D8FC93C}.Debug|Any CPU.Deploy.0 = Debug|Any CPU
		{E904C88B-02D6-4E1A-B502-85DE8D8FC93C}.Debug|ARM.ActiveCfg = Debug|Any CPU
		{E904C88B-02D6-4E1A-B502-85DE8D8FC93C}.Debug|ARM.Build.0 = Debug|Any CPU
		{E904C88B-02D6-4E1A-B502-85DE8D8FC93C}.Debug|ARM.Deploy.0 = Debug|Any CPU
		{E904C88B-02D6-4E1A-B502-85DE8D8FC93C}.Debug|ARM64.ActiveCfg = Debug|Any CPU
		{E904C88B-02D6-4E1A-B502-85DE8D8FC93C}.Debug|ARM64.Build.0 = Debug|Any CPU
		{E904C88B-02D6-4E1A-B502-85DE8D8FC93C}.Debug|ARM64.Deploy.0 = Debug|Any CPU
		{E904C88B-02D6-4E1A-B502-85DE8D8FC93C}.Debug|iPhone.ActiveCfg = Debug|Any CPU
		{E904C88B-02D6-4E1A-B502-85DE8D8FC93C}.Debug|iPhone.Build.0 = Debug|Any CPU
		{E904C88B-02D6-4E1A-B502-85DE8D8FC93C}.Debug|iPhone.Deploy.0 = Debug|Any CPU
		{E904C88B-02D6-4E1A-B502-85DE8D8FC93C}.Debug|iPhoneSimulator.ActiveCfg = Debug|Any CPU
		{E904C88B-02D6-4E1A-B502-85DE8D8FC93C}.Debug|iPhoneSimulator.Build.0 = Debug|Any CPU
		{E904C88B-02D6-4E1A-B502-85DE8D8FC93C}.Debug|iPhoneSimulator.Deploy.0 = Debug|Any CPU
		{E904C88B-02D6-4E1A-B502-85DE8D8FC93C}.Debug|x64.ActiveCfg = Debug|Any CPU
		{E904C88B-02D6-4E1A-B502-85DE8D8FC93C}.Debug|x64.Build.0 = Debug|Any CPU
		{E904C88B-02D6-4E1A-B502-85DE8D8FC93C}.Debug|x64.Deploy.0 = Debug|Any CPU
		{E904C88B-02D6-4E1A-B502-85DE8D8FC93C}.Debug|x86.ActiveCfg = Debug|Any CPU
		{E904C88B-02D6-4E1A-B502-85DE8D8FC93C}.Debug|x86.Build.0 = Debug|Any CPU
		{E904C88B-02D6-4E1A-B502-85DE8D8FC93C}.Debug|x86.Deploy.0 = Debug|Any CPU
		{E904C88B-02D6-4E1A-B502-85DE8D8FC93C}.Release|Any CPU.ActiveCfg = Release|Any CPU
		{E904C88B-02D6-4E1A-B502-85DE8D8FC93C}.Release|Any CPU.Build.0 = Release|Any CPU
		{E904C88B-02D6-4E1A-B502-85DE8D8FC93C}.Release|Any CPU.Deploy.0 = Release|Any CPU
		{E904C88B-02D6-4E1A-B502-85DE8D8FC93C}.Release|ARM.ActiveCfg = Release|Any CPU
		{E904C88B-02D6-4E1A-B502-85DE8D8FC93C}.Release|ARM.Build.0 = Release|Any CPU
		{E904C88B-02D6-4E1A-B502-85DE8D8FC93C}.Release|ARM.Deploy.0 = Release|Any CPU
		{E904C88B-02D6-4E1A-B502-85DE8D8FC93C}.Release|ARM64.ActiveCfg = Release|Any CPU
		{E904C88B-02D6-4E1A-B502-85DE8D8FC93C}.Release|ARM64.Build.0 = Release|Any CPU
		{E904C88B-02D6-4E1A-B502-85DE8D8FC93C}.Release|ARM64.Deploy.0 = Release|Any CPU
		{E904C88B-02D6-4E1A-B502-85DE8D8FC93C}.Release|iPhone.ActiveCfg = Release|Any CPU
		{E904C88B-02D6-4E1A-B502-85DE8D8FC93C}.Release|iPhone.Build.0 = Release|Any CPU
		{E904C88B-02D6-4E1A-B502-85DE8D8FC93C}.Release|iPhone.Deploy.0 = Release|Any CPU
		{E904C88B-02D6-4E1A-B502-85DE8D8FC93C}.Release|iPhoneSimulator.ActiveCfg = Release|Any CPU
		{E904C88B-02D6-4E1A-B502-85DE8D8FC93C}.Release|iPhoneSimulator.Build.0 = Release|Any CPU
		{E904C88B-02D6-4E1A-B502-85DE8D8FC93C}.Release|iPhoneSimulator.Deploy.0 = Release|Any CPU
		{E904C88B-02D6-4E1A-B502-85DE8D8FC93C}.Release|x64.ActiveCfg = Release|Any CPU
		{E904C88B-02D6-4E1A-B502-85DE8D8FC93C}.Release|x64.Build.0 = Release|Any CPU
		{E904C88B-02D6-4E1A-B502-85DE8D8FC93C}.Release|x64.Deploy.0 = Release|Any CPU
		{E904C88B-02D6-4E1A-B502-85DE8D8FC93C}.Release|x86.ActiveCfg = Release|Any CPU
		{E904C88B-02D6-4E1A-B502-85DE8D8FC93C}.Release|x86.Build.0 = Release|Any CPU
		{E904C88B-02D6-4E1A-B502-85DE8D8FC93C}.Release|x86.Deploy.0 = Release|Any CPU
		{0B414094-9A66-40B2-A4AE-8F8C27680292}.Ad-Hoc|Any CPU.ActiveCfg = Ad-Hoc|iPhoneSimulator
		{0B414094-9A66-40B2-A4AE-8F8C27680292}.Ad-Hoc|ARM.ActiveCfg = Ad-Hoc|iPhoneSimulator
		{0B414094-9A66-40B2-A4AE-8F8C27680292}.Ad-Hoc|ARM64.ActiveCfg = Ad-Hoc|iPhoneSimulator
		{0B414094-9A66-40B2-A4AE-8F8C27680292}.Ad-Hoc|iPhone.ActiveCfg = Ad-Hoc|iPhone
		{0B414094-9A66-40B2-A4AE-8F8C27680292}.Ad-Hoc|iPhone.Build.0 = Ad-Hoc|iPhone
		{0B414094-9A66-40B2-A4AE-8F8C27680292}.Ad-Hoc|iPhoneSimulator.ActiveCfg = Ad-Hoc|iPhoneSimulator
		{0B414094-9A66-40B2-A4AE-8F8C27680292}.Ad-Hoc|iPhoneSimulator.Build.0 = Ad-Hoc|iPhoneSimulator
		{0B414094-9A66-40B2-A4AE-8F8C27680292}.Ad-Hoc|x64.ActiveCfg = Ad-Hoc|iPhoneSimulator
		{0B414094-9A66-40B2-A4AE-8F8C27680292}.Ad-Hoc|x86.ActiveCfg = Ad-Hoc|iPhoneSimulator
		{0B414094-9A66-40B2-A4AE-8F8C27680292}.AppStore|Any CPU.ActiveCfg = AppStore|iPhoneSimulator
		{0B414094-9A66-40B2-A4AE-8F8C27680292}.AppStore|ARM.ActiveCfg = AppStore|iPhoneSimulator
		{0B414094-9A66-40B2-A4AE-8F8C27680292}.AppStore|ARM64.ActiveCfg = AppStore|iPhoneSimulator
		{0B414094-9A66-40B2-A4AE-8F8C27680292}.AppStore|iPhone.ActiveCfg = AppStore|iPhone
		{0B414094-9A66-40B2-A4AE-8F8C27680292}.AppStore|iPhone.Build.0 = AppStore|iPhone
		{0B414094-9A66-40B2-A4AE-8F8C27680292}.AppStore|iPhoneSimulator.ActiveCfg = AppStore|iPhoneSimulator
		{0B414094-9A66-40B2-A4AE-8F8C27680292}.AppStore|iPhoneSimulator.Build.0 = AppStore|iPhoneSimulator
		{0B414094-9A66-40B2-A4AE-8F8C27680292}.AppStore|x64.ActiveCfg = AppStore|iPhoneSimulator
		{0B414094-9A66-40B2-A4AE-8F8C27680292}.AppStore|x86.ActiveCfg = AppStore|iPhoneSimulator
		{0B414094-9A66-40B2-A4AE-8F8C27680292}.Debug|Any CPU.ActiveCfg = Debug|iPhoneSimulator
		{0B414094-9A66-40B2-A4AE-8F8C27680292}.Debug|ARM.ActiveCfg = Debug|iPhoneSimulator
		{0B414094-9A66-40B2-A4AE-8F8C27680292}.Debug|ARM64.ActiveCfg = Debug|iPhoneSimulator
		{0B414094-9A66-40B2-A4AE-8F8C27680292}.Debug|iPhone.ActiveCfg = Debug|iPhone
		{0B414094-9A66-40B2-A4AE-8F8C27680292}.Debug|iPhone.Build.0 = Debug|iPhone
		{0B414094-9A66-40B2-A4AE-8F8C27680292}.Debug|iPhoneSimulator.ActiveCfg = Debug|iPhoneSimulator
		{0B414094-9A66-40B2-A4AE-8F8C27680292}.Debug|iPhoneSimulator.Build.0 = Debug|iPhoneSimulator
		{0B414094-9A66-40B2-A4AE-8F8C27680292}.Debug|x64.ActiveCfg = Debug|iPhoneSimulator
		{0B414094-9A66-40B2-A4AE-8F8C27680292}.Debug|x86.ActiveCfg = Debug|iPhoneSimulator
		{0B414094-9A66-40B2-A4AE-8F8C27680292}.Release|Any CPU.ActiveCfg = Release|iPhoneSimulator
		{0B414094-9A66-40B2-A4AE-8F8C27680292}.Release|ARM.ActiveCfg = Release|iPhoneSimulator
		{0B414094-9A66-40B2-A4AE-8F8C27680292}.Release|ARM64.ActiveCfg = Release|iPhoneSimulator
		{0B414094-9A66-40B2-A4AE-8F8C27680292}.Release|iPhone.ActiveCfg = Release|iPhone
		{0B414094-9A66-40B2-A4AE-8F8C27680292}.Release|iPhone.Build.0 = Release|iPhone
		{0B414094-9A66-40B2-A4AE-8F8C27680292}.Release|iPhoneSimulator.ActiveCfg = Release|iPhoneSimulator
		{0B414094-9A66-40B2-A4AE-8F8C27680292}.Release|iPhoneSimulator.Build.0 = Release|iPhoneSimulator
		{0B414094-9A66-40B2-A4AE-8F8C27680292}.Release|x64.ActiveCfg = Release|iPhoneSimulator
		{0B414094-9A66-40B2-A4AE-8F8C27680292}.Release|x86.ActiveCfg = Release|iPhoneSimulator
		{02337E07-989C-4847-91B4-43D060C57F9D}.Ad-Hoc|Any CPU.ActiveCfg = Debug|Any CPU
		{02337E07-989C-4847-91B4-43D060C57F9D}.Ad-Hoc|Any CPU.Build.0 = Debug|Any CPU
		{02337E07-989C-4847-91B4-43D060C57F9D}.Ad-Hoc|ARM.ActiveCfg = Debug|Any CPU
		{02337E07-989C-4847-91B4-43D060C57F9D}.Ad-Hoc|ARM.Build.0 = Debug|Any CPU
		{02337E07-989C-4847-91B4-43D060C57F9D}.Ad-Hoc|ARM64.ActiveCfg = Debug|Any CPU
		{02337E07-989C-4847-91B4-43D060C57F9D}.Ad-Hoc|ARM64.Build.0 = Debug|Any CPU
		{02337E07-989C-4847-91B4-43D060C57F9D}.Ad-Hoc|iPhone.ActiveCfg = Debug|Any CPU
		{02337E07-989C-4847-91B4-43D060C57F9D}.Ad-Hoc|iPhone.Build.0 = Debug|Any CPU
		{02337E07-989C-4847-91B4-43D060C57F9D}.Ad-Hoc|iPhoneSimulator.ActiveCfg = Debug|Any CPU
		{02337E07-989C-4847-91B4-43D060C57F9D}.Ad-Hoc|iPhoneSimulator.Build.0 = Debug|Any CPU
		{02337E07-989C-4847-91B4-43D060C57F9D}.Ad-Hoc|x64.ActiveCfg = Debug|Any CPU
		{02337E07-989C-4847-91B4-43D060C57F9D}.Ad-Hoc|x64.Build.0 = Debug|Any CPU
		{02337E07-989C-4847-91B4-43D060C57F9D}.Ad-Hoc|x86.ActiveCfg = Debug|Any CPU
		{02337E07-989C-4847-91B4-43D060C57F9D}.Ad-Hoc|x86.Build.0 = Debug|Any CPU
		{02337E07-989C-4847-91B4-43D060C57F9D}.AppStore|Any CPU.ActiveCfg = Debug|Any CPU
		{02337E07-989C-4847-91B4-43D060C57F9D}.AppStore|Any CPU.Build.0 = Debug|Any CPU
		{02337E07-989C-4847-91B4-43D060C57F9D}.AppStore|ARM.ActiveCfg = Debug|Any CPU
		{02337E07-989C-4847-91B4-43D060C57F9D}.AppStore|ARM.Build.0 = Debug|Any CPU
		{02337E07-989C-4847-91B4-43D060C57F9D}.AppStore|ARM64.ActiveCfg = Debug|Any CPU
		{02337E07-989C-4847-91B4-43D060C57F9D}.AppStore|ARM64.Build.0 = Debug|Any CPU
		{02337E07-989C-4847-91B4-43D060C57F9D}.AppStore|iPhone.ActiveCfg = Debug|Any CPU
		{02337E07-989C-4847-91B4-43D060C57F9D}.AppStore|iPhone.Build.0 = Debug|Any CPU
		{02337E07-989C-4847-91B4-43D060C57F9D}.AppStore|iPhoneSimulator.ActiveCfg = Debug|Any CPU
		{02337E07-989C-4847-91B4-43D060C57F9D}.AppStore|iPhoneSimulator.Build.0 = Debug|Any CPU
		{02337E07-989C-4847-91B4-43D060C57F9D}.AppStore|x64.ActiveCfg = Debug|Any CPU
		{02337E07-989C-4847-91B4-43D060C57F9D}.AppStore|x64.Build.0 = Debug|Any CPU
		{02337E07-989C-4847-91B4-43D060C57F9D}.AppStore|x86.ActiveCfg = Debug|Any CPU
		{02337E07-989C-4847-91B4-43D060C57F9D}.AppStore|x86.Build.0 = Debug|Any CPU
		{02337E07-989C-4847-91B4-43D060C57F9D}.Debug|Any CPU.ActiveCfg = Debug|Any CPU
		{02337E07-989C-4847-91B4-43D060C57F9D}.Debug|Any CPU.Build.0 = Debug|Any CPU
		{02337E07-989C-4847-91B4-43D060C57F9D}.Debug|ARM.ActiveCfg = Debug|Any CPU
		{02337E07-989C-4847-91B4-43D060C57F9D}.Debug|ARM.Build.0 = Debug|Any CPU
		{02337E07-989C-4847-91B4-43D060C57F9D}.Debug|ARM64.ActiveCfg = Debug|Any CPU
		{02337E07-989C-4847-91B4-43D060C57F9D}.Debug|ARM64.Build.0 = Debug|Any CPU
		{02337E07-989C-4847-91B4-43D060C57F9D}.Debug|iPhone.ActiveCfg = Debug|Any CPU
		{02337E07-989C-4847-91B4-43D060C57F9D}.Debug|iPhone.Build.0 = Debug|Any CPU
		{02337E07-989C-4847-91B4-43D060C57F9D}.Debug|iPhoneSimulator.ActiveCfg = Debug|Any CPU
		{02337E07-989C-4847-91B4-43D060C57F9D}.Debug|iPhoneSimulator.Build.0 = Debug|Any CPU
		{02337E07-989C-4847-91B4-43D060C57F9D}.Debug|x64.ActiveCfg = Debug|Any CPU
		{02337E07-989C-4847-91B4-43D060C57F9D}.Debug|x64.Build.0 = Debug|Any CPU
		{02337E07-989C-4847-91B4-43D060C57F9D}.Debug|x86.ActiveCfg = Debug|Any CPU
		{02337E07-989C-4847-91B4-43D060C57F9D}.Debug|x86.Build.0 = Debug|Any CPU
		{02337E07-989C-4847-91B4-43D060C57F9D}.Release|Any CPU.ActiveCfg = Release|Any CPU
		{02337E07-989C-4847-91B4-43D060C57F9D}.Release|Any CPU.Build.0 = Release|Any CPU
		{02337E07-989C-4847-91B4-43D060C57F9D}.Release|ARM.ActiveCfg = Release|Any CPU
		{02337E07-989C-4847-91B4-43D060C57F9D}.Release|ARM.Build.0 = Release|Any CPU
		{02337E07-989C-4847-91B4-43D060C57F9D}.Release|ARM64.ActiveCfg = Release|Any CPU
		{02337E07-989C-4847-91B4-43D060C57F9D}.Release|ARM64.Build.0 = Release|Any CPU
		{02337E07-989C-4847-91B4-43D060C57F9D}.Release|iPhone.ActiveCfg = Release|Any CPU
		{02337E07-989C-4847-91B4-43D060C57F9D}.Release|iPhone.Build.0 = Release|Any CPU
		{02337E07-989C-4847-91B4-43D060C57F9D}.Release|iPhoneSimulator.ActiveCfg = Release|Any CPU
		{02337E07-989C-4847-91B4-43D060C57F9D}.Release|iPhoneSimulator.Build.0 = Release|Any CPU
		{02337E07-989C-4847-91B4-43D060C57F9D}.Release|x64.ActiveCfg = Release|Any CPU
		{02337E07-989C-4847-91B4-43D060C57F9D}.Release|x64.Build.0 = Release|Any CPU
		{02337E07-989C-4847-91B4-43D060C57F9D}.Release|x86.ActiveCfg = Release|Any CPU
		{02337E07-989C-4847-91B4-43D060C57F9D}.Release|x86.Build.0 = Release|Any CPU
		{04A30D5C-71D9-4398-8DC8-9AF79E922B99}.Ad-Hoc|Any CPU.ActiveCfg = Debug|Any CPU
		{04A30D5C-71D9-4398-8DC8-9AF79E922B99}.Ad-Hoc|Any CPU.Build.0 = Debug|Any CPU
		{04A30D5C-71D9-4398-8DC8-9AF79E922B99}.Ad-Hoc|ARM.ActiveCfg = Debug|Any CPU
		{04A30D5C-71D9-4398-8DC8-9AF79E922B99}.Ad-Hoc|ARM.Build.0 = Debug|Any CPU
		{04A30D5C-71D9-4398-8DC8-9AF79E922B99}.Ad-Hoc|ARM64.ActiveCfg = Debug|Any CPU
		{04A30D5C-71D9-4398-8DC8-9AF79E922B99}.Ad-Hoc|ARM64.Build.0 = Debug|Any CPU
		{04A30D5C-71D9-4398-8DC8-9AF79E922B99}.Ad-Hoc|iPhone.ActiveCfg = Debug|Any CPU
		{04A30D5C-71D9-4398-8DC8-9AF79E922B99}.Ad-Hoc|iPhone.Build.0 = Debug|Any CPU
		{04A30D5C-71D9-4398-8DC8-9AF79E922B99}.Ad-Hoc|iPhoneSimulator.ActiveCfg = Debug|Any CPU
		{04A30D5C-71D9-4398-8DC8-9AF79E922B99}.Ad-Hoc|iPhoneSimulator.Build.0 = Debug|Any CPU
		{04A30D5C-71D9-4398-8DC8-9AF79E922B99}.Ad-Hoc|x64.ActiveCfg = Debug|Any CPU
		{04A30D5C-71D9-4398-8DC8-9AF79E922B99}.Ad-Hoc|x64.Build.0 = Debug|Any CPU
		{04A30D5C-71D9-4398-8DC8-9AF79E922B99}.Ad-Hoc|x86.ActiveCfg = Debug|Any CPU
		{04A30D5C-71D9-4398-8DC8-9AF79E922B99}.Ad-Hoc|x86.Build.0 = Debug|Any CPU
		{04A30D5C-71D9-4398-8DC8-9AF79E922B99}.AppStore|Any CPU.ActiveCfg = Debug|Any CPU
		{04A30D5C-71D9-4398-8DC8-9AF79E922B99}.AppStore|Any CPU.Build.0 = Debug|Any CPU
		{04A30D5C-71D9-4398-8DC8-9AF79E922B99}.AppStore|ARM.ActiveCfg = Debug|Any CPU
		{04A30D5C-71D9-4398-8DC8-9AF79E922B99}.AppStore|ARM.Build.0 = Debug|Any CPU
		{04A30D5C-71D9-4398-8DC8-9AF79E922B99}.AppStore|ARM64.ActiveCfg = Debug|Any CPU
		{04A30D5C-71D9-4398-8DC8-9AF79E922B99}.AppStore|ARM64.Build.0 = Debug|Any CPU
		{04A30D5C-71D9-4398-8DC8-9AF79E922B99}.AppStore|iPhone.ActiveCfg = Debug|Any CPU
		{04A30D5C-71D9-4398-8DC8-9AF79E922B99}.AppStore|iPhone.Build.0 = Debug|Any CPU
		{04A30D5C-71D9-4398-8DC8-9AF79E922B99}.AppStore|iPhoneSimulator.ActiveCfg = Debug|Any CPU
		{04A30D5C-71D9-4398-8DC8-9AF79E922B99}.AppStore|iPhoneSimulator.Build.0 = Debug|Any CPU
		{04A30D5C-71D9-4398-8DC8-9AF79E922B99}.AppStore|x64.ActiveCfg = Debug|Any CPU
		{04A30D5C-71D9-4398-8DC8-9AF79E922B99}.AppStore|x64.Build.0 = Debug|Any CPU
		{04A30D5C-71D9-4398-8DC8-9AF79E922B99}.AppStore|x86.ActiveCfg = Debug|Any CPU
		{04A30D5C-71D9-4398-8DC8-9AF79E922B99}.AppStore|x86.Build.0 = Debug|Any CPU
		{04A30D5C-71D9-4398-8DC8-9AF79E922B99}.Debug|Any CPU.ActiveCfg = Debug|Any CPU
		{04A30D5C-71D9-4398-8DC8-9AF79E922B99}.Debug|Any CPU.Build.0 = Debug|Any CPU
		{04A30D5C-71D9-4398-8DC8-9AF79E922B99}.Debug|ARM.ActiveCfg = Debug|Any CPU
		{04A30D5C-71D9-4398-8DC8-9AF79E922B99}.Debug|ARM.Build.0 = Debug|Any CPU
		{04A30D5C-71D9-4398-8DC8-9AF79E922B99}.Debug|ARM64.ActiveCfg = Debug|Any CPU
		{04A30D5C-71D9-4398-8DC8-9AF79E922B99}.Debug|ARM64.Build.0 = Debug|Any CPU
		{04A30D5C-71D9-4398-8DC8-9AF79E922B99}.Debug|iPhone.ActiveCfg = Debug|Any CPU
		{04A30D5C-71D9-4398-8DC8-9AF79E922B99}.Debug|iPhone.Build.0 = Debug|Any CPU
		{04A30D5C-71D9-4398-8DC8-9AF79E922B99}.Debug|iPhoneSimulator.ActiveCfg = Debug|Any CPU
		{04A30D5C-71D9-4398-8DC8-9AF79E922B99}.Debug|iPhoneSimulator.Build.0 = Debug|Any CPU
		{04A30D5C-71D9-4398-8DC8-9AF79E922B99}.Debug|x64.ActiveCfg = Debug|Any CPU
		{04A30D5C-71D9-4398-8DC8-9AF79E922B99}.Debug|x64.Build.0 = Debug|Any CPU
		{04A30D5C-71D9-4398-8DC8-9AF79E922B99}.Debug|x86.ActiveCfg = Debug|Any CPU
		{04A30D5C-71D9-4398-8DC8-9AF79E922B99}.Debug|x86.Build.0 = Debug|Any CPU
		{04A30D5C-71D9-4398-8DC8-9AF79E922B99}.Release|Any CPU.ActiveCfg = Release|Any CPU
		{04A30D5C-71D9-4398-8DC8-9AF79E922B99}.Release|Any CPU.Build.0 = Release|Any CPU
		{04A30D5C-71D9-4398-8DC8-9AF79E922B99}.Release|ARM.ActiveCfg = Release|Any CPU
		{04A30D5C-71D9-4398-8DC8-9AF79E922B99}.Release|ARM.Build.0 = Release|Any CPU
		{04A30D5C-71D9-4398-8DC8-9AF79E922B99}.Release|ARM64.ActiveCfg = Release|Any CPU
		{04A30D5C-71D9-4398-8DC8-9AF79E922B99}.Release|ARM64.Build.0 = Release|Any CPU
		{04A30D5C-71D9-4398-8DC8-9AF79E922B99}.Release|iPhone.ActiveCfg = Release|Any CPU
		{04A30D5C-71D9-4398-8DC8-9AF79E922B99}.Release|iPhone.Build.0 = Release|Any CPU
		{04A30D5C-71D9-4398-8DC8-9AF79E922B99}.Release|iPhoneSimulator.ActiveCfg = Release|Any CPU
		{04A30D5C-71D9-4398-8DC8-9AF79E922B99}.Release|iPhoneSimulator.Build.0 = Release|Any CPU
		{04A30D5C-71D9-4398-8DC8-9AF79E922B99}.Release|x64.ActiveCfg = Release|Any CPU
		{04A30D5C-71D9-4398-8DC8-9AF79E922B99}.Release|x64.Build.0 = Release|Any CPU
		{04A30D5C-71D9-4398-8DC8-9AF79E922B99}.Release|x86.ActiveCfg = Release|Any CPU
		{04A30D5C-71D9-4398-8DC8-9AF79E922B99}.Release|x86.Build.0 = Release|Any CPU
	EndGlobalSection
	GlobalSection(SolutionProperties) = preSolution
		HideSolutionNode = FALSE
	EndGlobalSection
	GlobalSection(NestedProjects) = preSolution
		{AAF8EA20-A8E2-4417-A0F6-8E2924346C6D} = {5BB03166-310D-48E1-A758-68A5C97C9076}
		{E145DF6D-5D5A-4B8E-AD55-3552E03478C0} = {5BB03166-310D-48E1-A758-68A5C97C9076}
		{9EE75939-3A8F-462E-9094-97B97639F2EE} = {5BB03166-310D-48E1-A758-68A5C97C9076}
		{E9295767-4B49-4298-AB10-BF19C023F266} = {5BB03166-310D-48E1-A758-68A5C97C9076}
		{87F445FA-3540-41A5-8992-F1FE9A6A0DF3} = {5BB03166-310D-48E1-A758-68A5C97C9076}
		{E904C88B-02D6-4E1A-B502-85DE8D8FC93C} = {5BB03166-310D-48E1-A758-68A5C97C9076}
		{0B414094-9A66-40B2-A4AE-8F8C27680292} = {5BB03166-310D-48E1-A758-68A5C97C9076}
		{02337E07-989C-4847-91B4-43D060C57F9D} = {5BB03166-310D-48E1-A758-68A5C97C9076}
		{04A30D5C-71D9-4398-8DC8-9AF79E922B99} = {5BB03166-310D-48E1-A758-68A5C97C9076}
	EndGlobalSection
	GlobalSection(ExtensibilityGlobals) = postSolution
		SolutionGuid = {E2D36786-FDCC-4BFC-9183-43C0E74BEFB8}
	EndGlobalSection
EndGlobal
